hash: bbedd50d91cb6419cc725eb09c29967a6f665c03dac1ae20c7bfafc9e1b096b1
updated: 2017-01-16T19:24:27.894-05:00
imports:
- name: github.com/cayleygraph/cayley
  version: f03d046d906cc8e207609b4e43788023a669a39c
  subpackages:
  - clog
  - graph
  - graph/iterator
  - graph/memstore
  - graph/memstore/b
  - graph/mongo
  - graph/path
  - graph/proto
  - internal/lru
  - quad
  - quad/cquads
  - writer
- name: github.com/dgrijalva/jwt-go
  version: d2709f9f1f31ebcda9651b03077758c1f3a0018c
- name: github.com/fsnotify/fsnotify
  version: fd9ec7deca8bf46ecd2a795baaacf2b3a9be1197
- name: github.com/gogo/protobuf
  version: f9114dace7bd920b32f943b3c73fafbcbab2bf31
  subpackages:
  - gogoproto
  - proto
  - protoc-gen-gogo/descriptor
- name: github.com/gorilla/context
  version: 08b5f424b9271eedf6f9f0ce86cb9396ed337a42
- name: github.com/gorilla/handlers
  version: ee54c7b44cab12289237fb8631314790076e728b
- name: github.com/gorilla/mux
  version: 0eeaf8392f5b04950925b8a69fe70f110fa7cbfc
- name: github.com/hashicorp/hcl
  version: eb6f65b2d77ed5078887f960ff570fbddbbeb49d
  subpackages:
  - hcl/ast
  - hcl/parser
  - hcl/scanner
  - hcl/strconv
  - hcl/token
  - json/parser
  - json/scanner
  - json/token
- name: github.com/magiconair/properties
  version: 00ec919ecb56326853e2c1eee377fa324bc23a79
- name: github.com/mitchellh/mapstructure
  version: bfdb1a85537d60bc7e954e600c250219ea497417
- name: github.com/pborman/uuid
  version: a97ce2ca70fa5a848076093f05e639a89ca34d06
- name: github.com/pelletier/go-buffruneio
  version: df1e16fde7fc330a0ca68167c23bf7ed6ac31d6d
- name: github.com/pelletier/go-toml
  version: 439fbba1f887c286024370cb4f281ba815c4c7d7
- name: github.com/robertkrimen/otto
  version: bf1c3795ba078da6905fe80bfbc3ed3d8c36e9aa
- name: github.com/Sirupsen/logrus
  version: d26492970760ca5d33129d2d799e34be5c4782eb
- name: github.com/spf13/afero
  version: 72b31426848c6ef12a7a8e216708cb0d1530f074
  subpackages:
  - mem
- name: github.com/spf13/cast
  version: 56a7ecbeb18dde53c6db4bd96b541fd9741b8d44
- name: github.com/spf13/jwalterweatherman
  version: fa7ca7e836cf3a8bb4ebf799f472c12d7e903d66
- name: github.com/spf13/pflag
  version: 25f8b5b07aece3207895bf19f7ab517eb3b22a40
- name: github.com/spf13/viper
  version: 5ed0fc31f7f453625df314d8e66b9791e8d13003
- name: github.com/stretchr/testify
  version: 69483b4bd14f5845b5a1e55bca19e954e827f1d0
  subpackages:
  - assert
- name: golang.org/x/net
  version: 60c41d1de8da134c05b7b40154a9a82bf5b7edb9
  subpackages:
  - context
- name: golang.org/x/sys
  version: d75a52659825e75fff6158388dddc6a5b04f9ba5
  subpackages:
  - unix
- name: golang.org/x/text
  version: 44f4f658a783b0cee41fe0a23b8fc91d9c120558
  subpackages:
  - transform
  - unicode/norm
- name: gopkg.in/mgo.v2
  version: 3f83fa5005286a7fe593b055f0d7771a7dce4655
  subpackages:
  - bson
  - internal/json
  - internal/sasl
  - internal/scram
- name: gopkg.in/natefinch/lumberjack.v2
  version: dd45e6a67c53f673bb49ca8a001fd3a63ceb640e
- name: gopkg.in/sourcemap.v1
  version: eef8f47ab679652a7d3a4ee34c34314d255d2536
- name: gopkg.in/yaml.v2
  version: a5b47d31c556af34a302ce5d659e6fea44d90de0
testImports:
- name: github.com/davecgh/go-spew
  version: 6d212800a42e8ab5c146b8ace3490ee17e5225f9
  subpackages:
  - spew
- name: github.com/pmezard/go-difflib
  version: d8ed2627bdf02c080bf22230dbb337003b7aba2d
  subpackages:
  - difflib
